
Microsoft Visual Studio Solution File, Format Version 12.00
# Visual Studio Version 17
VisualStudioVersion = 17.2.32630.192
MinimumVisualStudioVersion = 10.0.40219.1
Project("{FAE04EC0-301F-11D3-BF4B-00C04F79EFBC}") = "APIClientApp", "APIClientApp\APIClientApp.csproj", "{517380E2-4052-4949-858A-1DB4E2306909}"
EndProject
Global
	GlobalSection(SolutionConfigurationPlatforms) = preSolution
		Debug|Any CPU = Debug|Any CPU
		Release|Any CPU = Release|Any CPU
	EndGlobalSection
	GlobalSection(ProjectConfigurationPlatforms) = postSolution
		{517380E2-4052-4949-858A-1DB4E2306909}.Debug|Any CPU.ActiveCfg = Debug|Any CPU
		{517380E2-4052-4949-858A-1DB4E2306909}.Debug|Any CPU.Build.0 = Debug|Any CPU
		{517380E2-4052-4949-858A-1DB4E2306909}.Release|Any CPU.ActiveCfg = Release|Any CPU
		{517380E2-4052-4949-858A-1DB4E2306909}.Release|Any CPU.Build.0 = Release|Any CPU
	EndGlobalSection
	GlobalSection(SolutionProperties) = preSolution
		HideSolutionNode = FALSE
	EndGlobalSection
	GlobalSection(ExtensibilityGlobals) = postSolution
		SolutionGuid = {C991BF20-FE83-4456-AE50-9765031ED301}
	EndGlobalSection
EndGlobal
